
Microsoft Visual Studio Solution File, Format Version 12.00
# Visual Studio 15
Project("{FAE04EC0-301F-11D3-BF4B-00C04F79EFBC}") = "AppWebController", "AppWebController\AppWebController.csproj", "{2B661462-C177-465E-800D-DAF8B41DA1AC}"
EndProject
Global
	GlobalSection(SolutionConfigurationPlatforms) = preSolution
		Debug|Any CPU = Debug|Any CPU
		Release|Any CPU = Release|Any CPU
	EndGlobalSection
	GlobalSection(ProjectConfigurationPlatforms) = postSolution
		{2B661462-C177-465E-800D-DAF8B41DA1AC}.Debug|Any CPU.ActiveCfg = Debug|Any CPU
		{2B661462-C177-465E-800D-DAF8B41DA1AC}.Debug|Any CPU.Build.0 = Debug|Any CPU
		{2B661462-C177-465E-800D-DAF8B41DA1AC}.Release|Any CPU.ActiveCfg = Release|Any CPU
		{2B661462-C177-465E-800D-DAF8B41DA1AC}.Release|Any CPU.Build.0 = Release|Any CPU
	EndGlobalSection
EndGlobal
